
Microsoft Visual Studio Solution File, Format Version 12.00
# Visual Studio Version 16
VisualStudioVersion = 16.0.31729.503
MinimumVisualStudioVersion = 10.0.40219.1
Project("{FAE04EC0-301F-11D3-BF4B-00C04F79EFBC}") = "test-gita", "test-gita.csproj", "{A2585161-5EC3-42BA-8B66-0D1592CFAD82}"
EndProject
Global
	GlobalSection(SolutionConfigurationPlatforms) = preSolution
		Debug|Any CPU = Debug|Any CPU
		Release|Any CPU = Release|Any CPU
	EndGlobalSection
	GlobalSection(ProjectConfigurationPlatforms) = postSolution
		{A2585161-5EC3-42BA-8B66-0D1592CFAD82}.Debug|Any CPU.ActiveCfg = Debug|Any CPU
		{A2585161-5EC3-42BA-8B66-0D1592CFAD82}.Debug|Any CPU.Build.0 = Debug|Any CPU
		{A2585161-5EC3-42BA-8B66-0D1592CFAD82}.Release|Any CPU.ActiveCfg = Release|Any CPU
		{A2585161-5EC3-42BA-8B66-0D1592CFAD82}.Release|Any CPU.Build.0 = Release|Any CPU
	EndGlobalSection
	GlobalSection(SolutionProperties) = preSolution
		HideSolutionNode = FALSE
	EndGlobalSection
	GlobalSection(ExtensibilityGlobals) = postSolution
		SolutionGuid = {37836779-F016-49AE-8100-047A767BD089}
	EndGlobalSection
EndGlobal
